{
  "name": "publisherstudio-web-assets",
  "version": "4.1.4",
  "lockfileVersion": 3,
  "requires": true,
  "packages": {
    "": {
      "name": "publisherstudio-web-assets",
      "version": "4.1.4",
      "dependencies": {
        "devexpress-aspnetcore-spreadsheet": "25.2.10",
        "devextreme-dist": "25.2.10",
        "jquery": "3.7.1"
      }
    },
    "node_modules/devexpress-aspnetcore-spreadsheet": {
      "version": "25.2.10",
      "resolved": "https://registry.npmjs.org/devexpress-aspnetcore-spreadsheet/-/devexpress-aspnetcore-spreadsheet-25.2.10.tgz",
      "license": "SEE LICENSE IN README.md",
      "peerDependencies": {
        "devextreme": "25.2.10"
      }
    },
    "node_modules/devextreme-dist": {
      "version": "25.2.10",
      "resolved": "https://registry.npmjs.org/devextreme-dist/-/devextreme-dist-25.2.10.tgz",
      "license": "SEE LICENSE IN LICENSE.md"
    },
    "node_modules/jquery": {
      "version": "3.7.1",
      "resolved": "https://registry.npmjs.org/jquery/-/jquery-3.7.1.tgz",
      "integrity": "sha512-m4avr8yL8kmFN8psrbFFFmB/If14iN5o9nw/NgnnM+kybDJpRsAynV2BsfpTYrTRysYUdADVD7CkUUizgkpLfg==",
      "license": "MIT"
    }
  }
}
