{
  "name": "publisherstudio-web-assets",
  "version": "3.1.0",
  "lockfileVersion": 3,
  "requires": true,
  "packages": {
    "": {
      "name": "publisherstudio-web-assets",
      "version": "3.1.0",
      "dependencies": {
        "devexpress-aspnetcore-spreadsheet": "25.2.9",
        "devextreme-dist": "25.2.9",
        "jquery": "3.7.1"
      }
    },
    "node_modules/devexpress-aspnetcore-spreadsheet": {
      "version": "25.2.9",
      "resolved": "https://registry.npmjs.org/devexpress-aspnetcore-spreadsheet/-/devexpress-aspnetcore-spreadsheet-25.2.9.tgz",
      "integrity": "sha512-W09fFfd0V+1qxkrZvOPnnuh2CW7CZ15cF+MYDfID7274MgrYsGqanv32O/0HB8jeoEDCH/oznRN9oyNjnROtyA==",
      "license": "SEE LICENSE IN README.md",
      "peerDependencies": {
        "devextreme": "25.2.9"
      }
    },
    "node_modules/devextreme-dist": {
      "version": "25.2.9",
      "resolved": "https://registry.npmjs.org/devextreme-dist/-/devextreme-dist-25.2.9.tgz",
      "integrity": "sha512-V5OHLlkrI0rubqW4bnK99BhbsIDEGthWDDwtrgBV0SLi0C5SEfs7lxEYVjy1OHZTjtlUwItL80uulhDB49hpRA==",
      "license": "SEE LICENSE IN LICENSE.md"
    },
    "node_modules/jquery": {
      "version": "3.7.1",
      "resolved": "https://registry.npmjs.org/jquery/-/jquery-3.7.1.tgz",
      "integrity": "sha512-m4avr8yL8kmFN8psrbFFFmB/If14iN5o9nw/NgnnM+kybDJpRsAynV2BsfpTYrTRysYUdADVD7CkUUizgkpLfg==",
      "license": "MIT"
    }
  }
}
